
Microsoft Visual Studio Solution File, Format Version 12.00
# Visual Studio Version 16
VisualStudioVersion = 16.0.32510.428
MinimumVisualStudioVersion = 10.0.40219.1
Project("{9A19103F-16F7-4668-BE54-9A1E7A4F7556}") = "AuctionConsoleApp", "AuctionConsoleApp\AuctionConsoleApp.csproj", "{E1702060-0001-4153-A852-F7A6A5B5069C}"
EndProject
Project("{2150E333-8FDC-42A3-9474-1A3956D46DE8}") = "docs", "docs", "{AC29A148-5509-44C7-8A3E-6D7EC21D334C}"
EndProject
Project("{2150E333-8FDC-42A3-9474-1A3956D46DE8}") = "sources", "sources", "{61117200-B699-45AE-B819-8733A5252ACD}"
EndProject
Project("{2150E333-8FDC-42A3-9474-1A3956D46DE8}") = "DataLayer", "DataLayer", "{9ECA4C93-F6CA-4DA1-A02F-5C1C286C7087}"
EndProject
Project("{2150E333-8FDC-42A3-9474-1A3956D46DE8}") = "DomainLayer", "DomainLayer", "{3E123EA4-441F-45C4-A4C3-BA7DD1F1C94D}"
EndProject
Project("{2150E333-8FDC-42A3-9474-1A3956D46DE8}") = "UI", "UI", "{E5119F24-64D6-4E48-8C4A-8D6023C3E9FD}"
EndProject
Project("{9A19103F-16F7-4668-BE54-9A1E7A4F7556}") = "DataMapper", "DataMapper\DataMapper.csproj", "{3B680779-F1BC-4994-9E1D-04209DE4DB0D}"
EndProject
Project("{2150E333-8FDC-42A3-9474-1A3956D46DE8}") = "DomainModel", "DomainModel", "{98582ECD-8053-44E5-A972-4BAF32EB49D3}"
EndProject
Project("{2150E333-8FDC-42A3-9474-1A3956D46DE8}") = "ServiceLayer", "ServiceLayer", "{A11D8AFE-67FE-45DE-9054-83111CEBF118}"
EndProject
Project("{9A19103F-16F7-4668-BE54-9A1E7A4F7556}") = "DomainModel", "DomainModel\DomainModel.csproj", "{E4AFAC2E-4F64-4397-A850-21220863DA7E}"
EndProject
Project("{9A19103F-16F7-4668-BE54-9A1E7A4F7556}") = "TestDomainModel", "TestDomainModel\TestDomainModel.csproj", "{BDC21A5F-B3EE-48B4-8037-0B9C09902AF7}"
EndProject
Project("{9A19103F-16F7-4668-BE54-9A1E7A4F7556}") = "TestServiceLayer", "TestServiceLayer\TestServiceLayer.csproj", "{284A4EF3-880F-473C-9293-FEECF35CC470}"
EndProject
Project("{9A19103F-16F7-4668-BE54-9A1E7A4F7556}") = "ServiceLayer", "ServiceLayer\ServiceLayer.csproj", "{8D3A5E17-CBE6-4BF7-AF49-AF25E5485DC2}"
EndProject
Global
	GlobalSection(SolutionConfigurationPlatforms) = preSolution
		Debug|Any CPU = Debug|Any CPU
		Release|Any CPU = Release|Any CPU
	EndGlobalSection
	GlobalSection(ProjectConfigurationPlatforms) = postSolution
		{E1702060-0001-4153-A852-F7A6A5B5069C}.Debug|Any CPU.ActiveCfg = Debug|Any CPU
		{E1702060-0001-4153-A852-F7A6A5B5069C}.Debug|Any CPU.Build.0 = Debug|Any CPU
		{E1702060-0001-4153-A852-F7A6A5B5069C}.Release|Any CPU.ActiveCfg = Release|Any CPU
		{E1702060-0001-4153-A852-F7A6A5B5069C}.Release|Any CPU.Build.0 = Release|Any CPU
		{3B680779-F1BC-4994-9E1D-04209DE4DB0D}.Debug|Any CPU.ActiveCfg = Debug|Any CPU
		{3B680779-F1BC-4994-9E1D-04209DE4DB0D}.Debug|Any CPU.Build.0 = Debug|Any CPU
		{3B680779-F1BC-4994-9E1D-04209DE4DB0D}.Release|Any CPU.ActiveCfg = Release|Any CPU
		{3B680779-F1BC-4994-9E1D-04209DE4DB0D}.Release|Any CPU.Build.0 = Release|Any CPU
		{E4AFAC2E-4F64-4397-A850-21220863DA7E}.Debug|Any CPU.ActiveCfg = Debug|Any CPU
		{E4AFAC2E-4F64-4397-A850-21220863DA7E}.Debug|Any CPU.Build.0 = Debug|Any CPU
		{E4AFAC2E-4F64-4397-A850-21220863DA7E}.Release|Any CPU.ActiveCfg = Release|Any CPU
		{E4AFAC2E-4F64-4397-A850-21220863DA7E}.Release|Any CPU.Build.0 = Release|Any CPU
		{BDC21A5F-B3EE-48B4-8037-0B9C09902AF7}.Debug|Any CPU.ActiveCfg = Debug|Any CPU
		{BDC21A5F-B3EE-48B4-8037-0B9C09902AF7}.Debug|Any CPU.Build.0 = Debug|Any CPU
		{BDC21A5F-B3EE-48B4-8037-0B9C09902AF7}.Release|Any CPU.ActiveCfg = Release|Any CPU
		{BDC21A5F-B3EE-48B4-8037-0B9C09902AF7}.Release|Any CPU.Build.0 = Release|Any CPU
		{284A4EF3-880F-473C-9293-FEECF35CC470}.Debug|Any CPU.ActiveCfg = Debug|Any CPU
		{284A4EF3-880F-473C-9293-FEECF35CC470}.Debug|Any CPU.Build.0 = Debug|Any CPU
		{284A4EF3-880F-473C-9293-FEECF35CC470}.Release|Any CPU.ActiveCfg = Release|Any CPU
		{284A4EF3-880F-473C-9293-FEECF35CC470}.Release|Any CPU.Build.0 = Release|Any CPU
		{8D3A5E17-CBE6-4BF7-AF49-AF25E5485DC2}.Debug|Any CPU.ActiveCfg = Debug|Any CPU
		{8D3A5E17-CBE6-4BF7-AF49-AF25E5485DC2}.Debug|Any CPU.Build.0 = Debug|Any CPU
		{8D3A5E17-CBE6-4BF7-AF49-AF25E5485DC2}.Release|Any CPU.ActiveCfg = Release|Any CPU
		{8D3A5E17-CBE6-4BF7-AF49-AF25E5485DC2}.Release|Any CPU.Build.0 = Release|Any CPU
	EndGlobalSection
	GlobalSection(SolutionProperties) = preSolution
		HideSolutionNode = FALSE
	EndGlobalSection
	GlobalSection(NestedProjects) = preSolution
		{E1702060-0001-4153-A852-F7A6A5B5069C} = {E5119F24-64D6-4E48-8C4A-8D6023C3E9FD}
		{9ECA4C93-F6CA-4DA1-A02F-5C1C286C7087} = {61117200-B699-45AE-B819-8733A5252ACD}
		{3E123EA4-441F-45C4-A4C3-BA7DD1F1C94D} = {61117200-B699-45AE-B819-8733A5252ACD}
		{E5119F24-64D6-4E48-8C4A-8D6023C3E9FD} = {61117200-B699-45AE-B819-8733A5252ACD}
		{3B680779-F1BC-4994-9E1D-04209DE4DB0D} = {9ECA4C93-F6CA-4DA1-A02F-5C1C286C7087}
		{98582ECD-8053-44E5-A972-4BAF32EB49D3} = {3E123EA4-441F-45C4-A4C3-BA7DD1F1C94D}
		{A11D8AFE-67FE-45DE-9054-83111CEBF118} = {3E123EA4-441F-45C4-A4C3-BA7DD1F1C94D}
		{E4AFAC2E-4F64-4397-A850-21220863DA7E} = {98582ECD-8053-44E5-A972-4BAF32EB49D3}
		{BDC21A5F-B3EE-48B4-8037-0B9C09902AF7} = {98582ECD-8053-44E5-A972-4BAF32EB49D3}
		{284A4EF3-880F-473C-9293-FEECF35CC470} = {A11D8AFE-67FE-45DE-9054-83111CEBF118}
		{8D3A5E17-CBE6-4BF7-AF49-AF25E5485DC2} = {A11D8AFE-67FE-45DE-9054-83111CEBF118}
	EndGlobalSection
	GlobalSection(ExtensibilityGlobals) = postSolution
		SolutionGuid = {443ACB0A-5C04-401D-BA13-D09D8192C973}
	EndGlobalSection
EndGlobal
